
Microsoft Visual Studio Solution File, Format Version 12.00
# Visual Studio Version 16
VisualStudioVersion = 16.0.35026.282
MinimumVisualStudioVersion = 10.0.40219.1
Project("{8BC9CEB8-8B4A-11D0-8D11-00A0C91BC942}") = "Lab_1", "Lab_1\Lab_1.vcxproj", "{D62998AA-8CDB-47D7-80F6-85DC43C606EF}"
EndProject
Project("{8BC9CEB8-8B4A-11D0-8D11-00A0C91BC942}") = "Lab_2", "Lab_2\Lab_2.vcxproj", "{A2EC986D-FFFC-4E71-BDC3-D414269BBC87}"
EndProject
Project("{8BC9CEB8-8B4A-11D0-8D11-00A0C91BC942}") = "Lab_3", "Lab_3\Lab_3.vcxproj", "{A329A8BF-9F9D-467B-8364-6B5D38EDB429}"
EndProject
Project("{8BC9CEB8-8B4A-11D0-8D11-00A0C91BC942}") = "Lab_4", "Lab_4\Lab_4.vcxproj", "{C2D6CB2E-AAF1-444D-8382-D07F27A8E0F3}"
EndProject
Project("{8BC9CEB8-8B4A-11D0-8D11-00A0C91BC942}") = "Lab_5", "Lab_5\Lab_5.vcxproj", "{166C207A-1B09-49A0-8EE1-D7764B14A65D}"
EndProject
Project("{8BC9CEB8-8B4A-11D0-8D11-00A0C91BC942}") = "Lab_6", "Lab_6\Lab_6.vcxproj", "{32959593-6B7D-4BC1-9C29-AA857CDC0A0D}"
EndProject
Project("{8BC9CEB8-8B4A-11D0-8D11-00A0C91BC942}") = "Lab_7", "Lab_7\Lab_7.vcxproj", "{A9A7DDFC-0718-4C47-86DC-664C5554AA3C}"
EndProject
Global
	GlobalSection(SolutionConfigurationPlatforms) = preSolution
		Debug|x64 = Debug|x64
		Debug|x86 = Debug|x86
		Release|x64 = Release|x64
		Release|x86 = Release|x86
	EndGlobalSection
	GlobalSection(ProjectConfigurationPlatforms) = postSolution
		{D62998AA-8CDB-47D7-80F6-85DC43C606EF}.Debug|x64.ActiveCfg = Debug|x64
		{D62998AA-8CDB-47D7-80F6-85DC43C606EF}.Debug|x64.Build.0 = Debug|x64
		{D62998AA-8CDB-47D7-80F6-85DC43C606EF}.Debug|x86.ActiveCfg = Debug|Win32
		{D62998AA-8CDB-47D7-80F6-85DC43C606EF}.Debug|x86.Build.0 = Debug|Win32
		{D62998AA-8CDB-47D7-80F6-85DC43C606EF}.Release|x64.ActiveCfg = Release|x64
		{D62998AA-8CDB-47D7-80F6-85DC43C606EF}.Release|x64.Build.0 = Release|x64
		{D62998AA-8CDB-47D7-80F6-85DC43C606EF}.Release|x86.ActiveCfg = Release|Win32
		{D62998AA-8CDB-47D7-80F6-85DC43C606EF}.Release|x86.Build.0 = Release|Win32
		{A2EC986D-FFFC-4E71-BDC3-D414269BBC87}.Debug|x64.ActiveCfg = Debug|x64
		{A2EC986D-FFFC-4E71-BDC3-D414269BBC87}.Debug|x64.Build.0 = Debug|x64
		{A2EC986D-FFFC-4E71-BDC3-D414269BBC87}.Debug|x86.ActiveCfg = Debug|Win32
		{A2EC986D-FFFC-4E71-BDC3-D414269BBC87}.Debug|x86.Build.0 = Debug|Win32
		{A2EC986D-FFFC-4E71-BDC3-D414269BBC87}.Release|x64.ActiveCfg = Release|x64
		{A2EC986D-FFFC-4E71-BDC3-D414269BBC87}.Release|x64.Build.0 = Release|x64
		{A2EC986D-FFFC-4E71-BDC3-D414269BBC87}.Release|x86.ActiveCfg = Release|Win32
		{A2EC986D-FFFC-4E71-BDC3-D414269BBC87}.Release|x86.Build.0 = Release|Win32
		{A329A8BF-9F9D-467B-8364-6B5D38EDB429}.Debug|x64.ActiveCfg = Debug|x64
		{A329A8BF-9F9D-467B-8364-6B5D38EDB429}.Debug|x64.Build.0 = Debug|x64
		{A329A8BF-9F9D-467B-8364-6B5D38EDB429}.Debug|x86.ActiveCfg = Debug|Win32
		{A329A8BF-9F9D-467B-8364-6B5D38EDB429}.Debug|x86.Build.0 = Debug|Win32
		{A329A8BF-9F9D-467B-8364-6B5D38EDB429}.Release|x64.ActiveCfg = Release|x64
		{A329A8BF-9F9D-467B-8364-6B5D38EDB429}.Release|x64.Build.0 = Release|x64
		{A329A8BF-9F9D-467B-8364-6B5D38EDB429}.Release|x86.ActiveCfg = Release|Win32
		{A329A8BF-9F9D-467B-8364-6B5D38EDB429}.Release|x86.Build.0 = Release|Win32
		{C2D6CB2E-AAF1-444D-8382-D07F27A8E0F3}.Debug|x64.ActiveCfg = Debug|x64
		{C2D6CB2E-AAF1-444D-8382-D07F27A8E0F3}.Debug|x64.Build.0 = Debug|x64
		{C2D6CB2E-AAF1-444D-8382-D07F27A8E0F3}.Debug|x86.ActiveCfg = Debug|Win32
		{C2D6CB2E-AAF1-444D-8382-D07F27A8E0F3}.Debug|x86.Build.0 = Debug|Win32
		{C2D6CB2E-AAF1-444D-8382-D07F27A8E0F3}.Release|x64.ActiveCfg = Release|x64
		{C2D6CB2E-AAF1-444D-8382-D07F27A8E0F3}.Release|x64.Build.0 = Release|x64
		{C2D6CB2E-AAF1-444D-8382-D07F27A8E0F3}.Release|x86.ActiveCfg = Release|Win32
		{C2D6CB2E-AAF1-444D-8382-D07F27A8E0F3}.Release|x86.Build.0 = Release|Win32
		{166C207A-1B09-49A0-8EE1-D7764B14A65D}.Debug|x64.ActiveCfg = Debug|x64
		{166C207A-1B09-49A0-8EE1-D7764B14A65D}.Debug|x64.Build.0 = Debug|x64
		{166C207A-1B09-49A0-8EE1-D7764B14A65D}.Debug|x86.ActiveCfg = Debug|Win32
		{166C207A-1B09-49A0-8EE1-D7764B14A65D}.Debug|x86.Build.0 = Debug|Win32
		{166C207A-1B09-49A0-8EE1-D7764B14A65D}.Release|x64.ActiveCfg = Release|x64
		{166C207A-1B09-49A0-8EE1-D7764B14A65D}.Release|x64.Build.0 = Release|x64
		{166C207A-1B09-49A0-8EE1-D7764B14A65D}.Release|x86.ActiveCfg = Release|Win32
		{166C207A-1B09-49A0-8EE1-D7764B14A65D}.Release|x86.Build.0 = Release|Win32
		{32959593-6B7D-4BC1-9C29-AA857CDC0A0D}.Debug|x64.ActiveCfg = Debug|x64
		{32959593-6B7D-4BC1-9C29-AA857CDC0A0D}.Debug|x64.Build.0 = Debug|x64
		{32959593-6B7D-4BC1-9C29-AA857CDC0A0D}.Debug|x86.ActiveCfg = Debug|Win32
		{32959593-6B7D-4BC1-9C29-AA857CDC0A0D}.Debug|x86.Build.0 = Debug|Win32
		{32959593-6B7D-4BC1-9C29-AA857CDC0A0D}.Release|x64.ActiveCfg = Release|x64
		{32959593-6B7D-4BC1-9C29-AA857CDC0A0D}.Release|x64.Build.0 = Release|x64
		{32959593-6B7D-4BC1-9C29-AA857CDC0A0D}.Release|x86.ActiveCfg = Release|Win32
		{32959593-6B7D-4BC1-9C29-AA857CDC0A0D}.Release|x86.Build.0 = Release|Win32
		{A9A7DDFC-0718-4C47-86DC-664C5554AA3C}.Debug|x64.ActiveCfg = Debug|x64
		{A9A7DDFC-0718-4C47-86DC-664C5554AA3C}.Debug|x64.Build.0 = Debug|x64
		{A9A7DDFC-0718-4C47-86DC-664C5554AA3C}.Debug|x86.ActiveCfg = Debug|Win32
		{A9A7DDFC-0718-4C47-86DC-664C5554AA3C}.Debug|x86.Build.0 = Debug|Win32
		{A9A7DDFC-0718-4C47-86DC-664C5554AA3C}.Release|x64.ActiveCfg = Release|x64
		{A9A7DDFC-0718-4C47-86DC-664C5554AA3C}.Release|x64.Build.0 = Release|x64
		{A9A7DDFC-0718-4C47-86DC-664C5554AA3C}.Release|x86.ActiveCfg = Release|Win32
		{A9A7DDFC-0718-4C47-86DC-664C5554AA3C}.Release|x86.Build.0 = Release|Win32
	EndGlobalSection
	GlobalSection(SolutionProperties) = preSolution
		HideSolutionNode = FALSE
	EndGlobalSection
	GlobalSection(ExtensibilityGlobals) = postSolution
		SolutionGuid = {06279E48-78DC-4F56-9896-0683147E46ED}
	EndGlobalSection
EndGlobal
